
Microsoft Visual Studio Solution File, Format Version 12.00
# Visual Studio 15
VisualStudioVersion = 15.0.27004.2009
MinimumVisualStudioVersion = 10.0.40219.1
Project("{FAE04EC0-301F-11D3-BF4B-00C04F79EFBC}") = "Cointer", "Cointer\Cointer.csproj", "{C2272697-2611-4376-8A40-9AB29D2AA155}"
EndProject
Global
	GlobalSection(SolutionConfigurationPlatforms) = preSolution
		Debug|Any CPU = Debug|Any CPU
		Release|Any CPU = Release|Any CPU
	EndGlobalSection
	GlobalSection(ProjectConfigurationPlatforms) = postSolution
		{C2272697-2611-4376-8A40-9AB29D2AA155}.Debug|Any CPU.ActiveCfg = Debug|Any CPU
		{C2272697-2611-4376-8A40-9AB29D2AA155}.Debug|Any CPU.Build.0 = Debug|Any CPU
		{C2272697-2611-4376-8A40-9AB29D2AA155}.Release|Any CPU.ActiveCfg = Release|Any CPU
		{C2272697-2611-4376-8A40-9AB29D2AA155}.Release|Any CPU.Build.0 = Release|Any CPU
	EndGlobalSection
	GlobalSection(SolutionProperties) = preSolution
		HideSolutionNode = FALSE
	EndGlobalSection
	GlobalSection(ExtensibilityGlobals) = postSolution
		SolutionGuid = {32EAC040-9C4F-4558-B700-01B064BB8761}
	EndGlobalSection
EndGlobal
